{
  "version": 1,
  "dependencies": {
    "net8.0": {
      "Microsoft.AspNetCore.Authentication.JwtBearer": {
        "type": "Direct",
        "requested": "[8.0.31, )",
        "resolved": "8.0.31",
        "contentHash": "ql5DM/d+K4oQowi7RM7wE5ii5yrpjYI7K4ZPSj/ctVXRAgqJc+CR+zkDAuPfHaBUNb73FBVRUpIkznYw903Qew==",
        "dependencies": {
          "Microsoft.IdentityModel.Protocols.OpenIdConnect": "7.7.3"
        }
      },
      "Microsoft.Data.Sqlite": {
        "type": "Direct",
        "requested": "[8.0.31, )",
        "resolved": "8.0.31",
        "contentHash": "WBM+0lBcUKeItKCAdBuTariYoV2tAICxE4FSzFDxlZXx9mO1YSr9NBD7vX2tYrKCHKOhpdwVJPa7fMD6zVHDjw==",
        "dependencies": {
          "Microsoft.Data.Sqlite.Core": "8.0.31",
          "SQLitePCLRaw.bundle_e_sqlite3": "2.1.12"
        }
      },
      "Microsoft.Data.Sqlite.Core": {
        "type": "Transitive",
        "resolved": "8.0.31",
        "contentHash": "o6muD6VLO/Et5Cmi5UGSvj5cwjTpc26/OP6z96+4aK4YhCmKlSHkFTEKCiR/JzDDI6E/qrkfEt9ybu9J0tiKrQ==",
        "dependencies": {
          "SQLitePCLRaw.core": "2.1.12"
        }
      },
      "Microsoft.IdentityModel.Abstractions": {
        "type": "Transitive",
        "resolved": "7.7.3",
        "contentHash": "48quPTCzrglBlNSh5XFeA4Cyd5qm8IY1uqYx9+/0NNGVAv7U19aWieJxgTvmCiUr5il3F1851wDNGWiaUOktVw=="
      },
      "Microsoft.IdentityModel.JsonWebTokens": {
        "type": "Transitive",
        "resolved": "7.7.3",
        "contentHash": "URCySdj7XJVVFvKI7XrfMe60pw14kx9HhSw8thBPZvVS2t7q2qosvib2zGjXRdu+xOg33RCdGHoRG7NzbGNPDg==",
        "dependencies": {
          "Microsoft.IdentityModel.Tokens": "7.7.3"
        }
      },
      "Microsoft.IdentityModel.Logging": {
        "type": "Transitive",
        "resolved": "7.7.3",
        "contentHash": "QCNNrmwqa+fe9GVipM2aSFkS/zeLPXd6G3HahyLv/8477aK6hxm4uxEbS8lgUJVRZE3vwrW/iKxeDYNh99TNDQ==",
        "dependencies": {
          "Microsoft.IdentityModel.Abstractions": "7.7.3"
        }
      },
      "Microsoft.IdentityModel.Protocols": {
        "type": "Transitive",
        "resolved": "7.7.3",
        "contentHash": "cxdrIYqEs8jqvN46TgNOvDxvWvMox//ED7qTUJslZs2DVwlwCStEgZox5nxIBhqr/zWRK4tZOIjCqryS+aE/DQ==",
        "dependencies": {
          "Microsoft.IdentityModel.Tokens": "7.7.3"
        }
      },
      "Microsoft.IdentityModel.Protocols.OpenIdConnect": {
        "type": "Transitive",
        "resolved": "7.7.3",
        "contentHash": "+u/vjl4ELuit5ziJ8xuRbgtKuUv40CdIzJHr1lwFqy5mcieHjX1V8kqvcGxEQcMHP6N3WE8kR8gz4JL2InBh0Q==",
        "dependencies": {
          "Microsoft.IdentityModel.Protocols": "7.7.3",
          "System.IdentityModel.Tokens.Jwt": "7.7.3"
        }
      },
      "Microsoft.IdentityModel.Tokens": {
        "type": "Transitive",
        "resolved": "7.7.3",
        "contentHash": "h8hxpd6MgZbrxcORtinVQ8rvjAw75G9vzucVFm6CI+JBXS2kUer8X7LclYaBS12/DEkHtJiG6pc1v8ybSr9BAg==",
        "dependencies": {
          "Microsoft.IdentityModel.Logging": "7.7.3"
        }
      },
      "SQLitePCLRaw.bundle_e_sqlite3": {
        "type": "Transitive",
        "resolved": "2.1.12",
        "contentHash": "mAgscpQMLw5/nfA1Q5oJVAT29yROUo1ifZGbbTpx/lwZpSxMUGoYbKfmvdm8oXER+RzxqBmmQzeBEVKfeHv2nw==",
        "dependencies": {
          "SQLitePCLRaw.lib.e_sqlite3": "2.1.12",
          "SQLitePCLRaw.provider.e_sqlite3": "2.1.12"
        }
      },
      "SQLitePCLRaw.core": {
        "type": "Transitive",
        "resolved": "2.1.12",
        "contentHash": "ETpNw9DY3ckWLgRRAeCHj+GKOuPi61aeczkXhgHexUvqoZBAYg8RYESE2J7O1M7+o6QbdSEZwrw9bfqztUVWXg==",
        "dependencies": {
          "System.Memory": "4.5.3"
        }
      },
      "SQLitePCLRaw.lib.e_sqlite3": {
        "type": "Transitive",
        "resolved": "2.1.12",
        "contentHash": "fWi8Dbknuhgg72fWinIdjXVaqO1hHL4YBBwVLnr7e1c9TAZwJ0QE38j9syW1hwx6HaqEVTwI+O07WPdZn8Rp0w=="
      },
      "SQLitePCLRaw.provider.e_sqlite3": {
        "type": "Transitive",
        "resolved": "2.1.12",
        "contentHash": "W3oH4XIfCzFrgUSDKHhN6N+dgzA5YHOR2VxX8GB6Qy7CyrJJgxPEG8NirgYWlPQC5P2jz2knSsexWu4tDUL33g==",
        "dependencies": {
          "SQLitePCLRaw.core": "2.1.12"
        }
      },
      "System.IdentityModel.Tokens.Jwt": {
        "type": "Transitive",
        "resolved": "7.7.3",
        "contentHash": "xqg/Al8bXC7+K54sy9F095rkWGBHQ5aLXaBg0zWEbzDWx442DMP8xCJaSugHpYwOyW9gC0pyq5XWpWYN50IqIA==",
        "dependencies": {
          "Microsoft.IdentityModel.JsonWebTokens": "7.7.3",
          "Microsoft.IdentityModel.Tokens": "7.7.3"
        }
      },
      "System.Memory": {
        "type": "Transitive",
        "resolved": "4.5.3",
        "contentHash": "3oDzvc/zzetpTKWMShs1AADwZjQ/36HnsufHRPcOjyRAAMLDlu2iD33MBI2opxnezcVUtXyqDXXjoFMOU9c7SA=="
      }
    }
  }
}